
Microsoft Visual Studio Solution File, Format Version 12.00
# Visual Studio Version 17
VisualStudioVersion = 17.0.31612.314
MinimumVisualStudioVersion = 10.0.40219.1
Project("{9A19103F-16F7-4668-BE54-9A1E7A4F7556}") = "9-PlatformIntrinsics.Hardware", "9-PlatformIntrinsics.Hardware\9-PlatformIntrinsics.Hardware.csproj", "{21C38558-F27D-48CF-8B09-D3F8DD73C582}"
EndProject
Project("{9A19103F-16F7-4668-BE54-9A1E7A4F7556}") = "9-PlatformIntrinsics.Native", "9-PlatformIntrinsics.Native\9-PlatformIntrinsics.Native.csproj", "{6FC20826-7C2D-45E0-8CFD-5DEBE4F9F609}"
EndProject
Global
	GlobalSection(SolutionConfigurationPlatforms) = preSolution
		Debug|Any CPU = Debug|Any CPU
		Release|Any CPU = Release|Any CPU
	EndGlobalSection
	GlobalSection(ProjectConfigurationPlatforms) = postSolution
		{21C38558-F27D-48CF-8B09-D3F8DD73C582}.Debug|Any CPU.ActiveCfg = Debug|Any CPU
		{21C38558-F27D-48CF-8B09-D3F8DD73C582}.Debug|Any CPU.Build.0 = Debug|Any CPU
		{21C38558-F27D-48CF-8B09-D3F8DD73C582}.Release|Any CPU.ActiveCfg = Release|Any CPU
		{21C38558-F27D-48CF-8B09-D3F8DD73C582}.Release|Any CPU.Build.0 = Release|Any CPU
		{6FC20826-7C2D-45E0-8CFD-5DEBE4F9F609}.Debug|Any CPU.ActiveCfg = Debug|Any CPU
		{6FC20826-7C2D-45E0-8CFD-5DEBE4F9F609}.Debug|Any CPU.Build.0 = Debug|Any CPU
		{6FC20826-7C2D-45E0-8CFD-5DEBE4F9F609}.Release|Any CPU.ActiveCfg = Release|Any CPU
		{6FC20826-7C2D-45E0-8CFD-5DEBE4F9F609}.Release|Any CPU.Build.0 = Release|Any CPU
	EndGlobalSection
	GlobalSection(SolutionProperties) = preSolution
		HideSolutionNode = FALSE
	EndGlobalSection
	GlobalSection(ExtensibilityGlobals) = postSolution
		SolutionGuid = {0896779B-60E4-4566-AB44-92DC2FBF79D6}
	EndGlobalSection
EndGlobal
