
Microsoft Visual Studio Solution File, Format Version 12.00
# Visual Studio Version 17
VisualStudioVersion = 17.0.31612.314
MinimumVisualStudioVersion = 10.0.40219.1
Project("{9A19103F-16F7-4668-BE54-9A1E7A4F7556}") = "8-SourceGenerator.Demo", "8-SourceGenerator.Demo\8-SourceGenerator.Demo.csproj", "{5E458902-8EE7-4257-B0A3-C530C02CC701}"
EndProject
Project("{9A19103F-16F7-4668-BE54-9A1E7A4F7556}") = "8-SourceGenerator.Generator", "8-SourceGenerator.Generator\8-SourceGenerator.Generator.csproj", "{6A8EBCBF-03A9-4A26-BE1E-7E9FBAF50C4D}"
EndProject
Project("{9A19103F-16F7-4668-BE54-9A1E7A4F7556}") = "8-SourceGenerator.Attributes", "8-SourceGenerator.Attributes\8-SourceGenerator.Attributes.csproj", "{9EB6E1FE-71DC-4F22-AEC9-284407707B1C}"
EndProject
Global
	GlobalSection(SolutionConfigurationPlatforms) = preSolution
		Debug|Any CPU = Debug|Any CPU
		Release|Any CPU = Release|Any CPU
	EndGlobalSection
	GlobalSection(ProjectConfigurationPlatforms) = postSolution
		{5E458902-8EE7-4257-B0A3-C530C02CC701}.Debug|Any CPU.ActiveCfg = Debug|Any CPU
		{5E458902-8EE7-4257-B0A3-C530C02CC701}.Debug|Any CPU.Build.0 = Debug|Any CPU
		{5E458902-8EE7-4257-B0A3-C530C02CC701}.Release|Any CPU.ActiveCfg = Release|Any CPU
		{5E458902-8EE7-4257-B0A3-C530C02CC701}.Release|Any CPU.Build.0 = Release|Any CPU
		{6A8EBCBF-03A9-4A26-BE1E-7E9FBAF50C4D}.Debug|Any CPU.ActiveCfg = Debug|Any CPU
		{6A8EBCBF-03A9-4A26-BE1E-7E9FBAF50C4D}.Debug|Any CPU.Build.0 = Debug|Any CPU
		{6A8EBCBF-03A9-4A26-BE1E-7E9FBAF50C4D}.Release|Any CPU.ActiveCfg = Release|Any CPU
		{6A8EBCBF-03A9-4A26-BE1E-7E9FBAF50C4D}.Release|Any CPU.Build.0 = Release|Any CPU
		{9EB6E1FE-71DC-4F22-AEC9-284407707B1C}.Debug|Any CPU.ActiveCfg = Debug|Any CPU
		{9EB6E1FE-71DC-4F22-AEC9-284407707B1C}.Debug|Any CPU.Build.0 = Debug|Any CPU
		{9EB6E1FE-71DC-4F22-AEC9-284407707B1C}.Release|Any CPU.ActiveCfg = Release|Any CPU
		{9EB6E1FE-71DC-4F22-AEC9-284407707B1C}.Release|Any CPU.Build.0 = Release|Any CPU
	EndGlobalSection
	GlobalSection(SolutionProperties) = preSolution
		HideSolutionNode = FALSE
	EndGlobalSection
	GlobalSection(ExtensibilityGlobals) = postSolution
		SolutionGuid = {1AF5BFDE-D56A-450D-BD57-6AB501BA1F84}
	EndGlobalSection
EndGlobal
